
Microsoft Visual Studio Solution File, Format Version 12.00
# Visual Studio Version 16
VisualStudioVersion = 16.0.30907.101
MinimumVisualStudioVersion = 10.0.40219.1
Project("{FAE04EC0-301F-11D3-BF4B-00C04F79EFBC}") = "arz.eda", "arz.eda\arz.eda.csproj", "{B9E5B9B0-E4D8-465D-A3F8-D4A0885B2928}"
EndProject
Global
	GlobalSection(SolutionConfigurationPlatforms) = preSolution
		Debug|Any CPU = Debug|Any CPU
		Release|Any CPU = Release|Any CPU
	EndGlobalSection
	GlobalSection(ProjectConfigurationPlatforms) = postSolution
		{B9E5B9B0-E4D8-465D-A3F8-D4A0885B2928}.Debug|Any CPU.ActiveCfg = Debug|Any CPU
		{B9E5B9B0-E4D8-465D-A3F8-D4A0885B2928}.Debug|Any CPU.Build.0 = Debug|Any CPU
		{B9E5B9B0-E4D8-465D-A3F8-D4A0885B2928}.Release|Any CPU.ActiveCfg = Release|Any CPU
		{B9E5B9B0-E4D8-465D-A3F8-D4A0885B2928}.Release|Any CPU.Build.0 = Release|Any CPU
	EndGlobalSection
	GlobalSection(SolutionProperties) = preSolution
		HideSolutionNode = FALSE
	EndGlobalSection
	GlobalSection(ExtensibilityGlobals) = postSolution
		SolutionGuid = {421E74D3-02E3-4969-85BD-22978ABB51D9}
	EndGlobalSection
EndGlobal
